{
  "name": "day6",
  "version": "1.0.0",
  "lockfileVersion": 3,
  "requires": true,
  "packages": {
    "": {
      "name": "day6",
      "version": "1.0.0",
      "license": "ISC",
      "dependencies": {
        "gen-readlines": "^1.0.1"
      }
    },
    "node_modules/gen-readlines": {
      "version": "1.0.1",
      "resolved": "https://registry.npmjs.org/gen-readlines/-/gen-readlines-1.0.1.tgz",
      "integrity": "sha512-pTl63HauPrgpaY1hsnOTkgZvc7TNkCUuY2TbtxdBP7KXng3yve81DrqmavvC7Kgx1QakZNLdA76OW5tkkdHK2g==",
      "license": "MIT",
      "engines": {
        "node": ">=6"
      }
    }
  }
}
